--- 
dependencies: 
  ruby-debug: 
    group: 
    - :development
    version: ">= 0"
  rails: 
    group: 
    - :default
    version: = 2.3.8
    require: []

  haml: 
    group: 
    - :plugins
    version: ">= 0"
  oauth: 
    group: 
    - :default
    version: ">= 0"
    require: 
    - oauth
  rspec: 
    group: 
    - :test
    version: ">= 0"
  rspec-rails: 
    group: 
    - :test
    version: ">= 0"
  configatron: 
    group: 
    - :default
    version: ">= 0"
  json: 
    group: 
    - :default
    version: ">= 0"
  postgres: 
    group: 
    - :default
    version: ">= 0"
  nifty-generators: 
    group: 
    - :development
    version: ">= 0"
specs: 
- rake: 
    version: 0.8.7
- activesupport: 
    version: 2.3.8
- rack: 
    version: 1.1.0
- actionpack: 
    version: 2.3.8
- actionmailer: 
    version: 2.3.8
- activerecord: 
    version: 2.3.8
- activeresource: 
    version: 2.3.8
- columnize: 
    version: 0.3.1
- yamler: 
    version: 0.1.0
- configatron: 
    version: 2.6.3
- haml: 
    version: 3.0.10
- json: 
    version: 1.4.3
- linecache: 
    version: "0.43"
- nifty-generators: 
    version: 0.4.0
- oauth: 
    version: 0.4.0
- postgres: 
    version: 0.7.9.2008.01.28
- rails: 
    version: 2.3.8
- rspec: 
    version: 1.3.0
- rspec-rails: 
    version: 1.3.2
- ruby-debug-base: 
    version: 0.10.3
- ruby-debug: 
    version: 0.10.3
hash: 76b815ec7bc30a52239cc4eb05464b62f5cdb542
sources: 
- Rubygems: 
    uri: http://gemcutter.org
